
Microsoft Visual Studio Solution File, Format Version 12.00
# Visual Studio Version 17
VisualStudioVersion = 17.9.34902.65
MinimumVisualStudioVersion = 10.0.40219.1
Project("{9A19103F-16F7-4668-BE54-9A1E7A4F7556}") = "01SestaPaskaita", "SestaPaskaita\01SestaPaskaita.csproj", "{00BEC007-435E-4635-B2B4-8624E75176B3}"
EndProject
Project("{FAE04EC0-301F-11D3-BF4B-00C04F79EFBC}") = "02SestaPaskaita", "02SestaPaskaita\02SestaPaskaita.csproj", "{BAEC972A-6A63-4955-8F8D-9E641A0C16EF}"
EndProject
Global
	GlobalSection(SolutionConfigurationPlatforms) = preSolution
		Debug|Any CPU = Debug|Any CPU
		Release|Any CPU = Release|Any CPU
	EndGlobalSection
	GlobalSection(ProjectConfigurationPlatforms) = postSolution
		{00BEC007-435E-4635-B2B4-8624E75176B3}.Debug|Any CPU.ActiveCfg = Debug|Any CPU
		{00BEC007-435E-4635-B2B4-8624E75176B3}.Debug|Any CPU.Build.0 = Debug|Any CPU
		{00BEC007-435E-4635-B2B4-8624E75176B3}.Release|Any CPU.ActiveCfg = Release|Any CPU
		{00BEC007-435E-4635-B2B4-8624E75176B3}.Release|Any CPU.Build.0 = Release|Any CPU
		{BAEC972A-6A63-4955-8F8D-9E641A0C16EF}.Debug|Any CPU.ActiveCfg = Debug|Any CPU
		{BAEC972A-6A63-4955-8F8D-9E641A0C16EF}.Debug|Any CPU.Build.0 = Debug|Any CPU
		{BAEC972A-6A63-4955-8F8D-9E641A0C16EF}.Release|Any CPU.ActiveCfg = Release|Any CPU
		{BAEC972A-6A63-4955-8F8D-9E641A0C16EF}.Release|Any CPU.Build.0 = Release|Any CPU
	EndGlobalSection
	GlobalSection(SolutionProperties) = preSolution
		HideSolutionNode = FALSE
	EndGlobalSection
	GlobalSection(ExtensibilityGlobals) = postSolution
		SolutionGuid = {CF9E5283-4E27-4968-8A18-317D68031BEF}
	EndGlobalSection
EndGlobal
